
Microsoft Visual Studio Solution File, Format Version 12.00
# Visual Studio Version 17
VisualStudioVersion = 17.5.2.0
MinimumVisualStudioVersion = 10.0.40219.1
Project("{2150E333-8FDC-42A3-9474-1A3956D46DE8}") = "backend", "backend", "{1AE8ACA6-933B-BF2A-3671-3E2EAC007D16}"
EndProject
Project("{FAE04EC0-301F-11D3-BF4B-00C04F79EFBC}") = "ACLS.Domain", "backend\ACLS.Domain\ACLS.Domain.csproj", "{D57692B9-D63D-0962-EA0F-9D5F2F94DF55}"
EndProject
Project("{FAE04EC0-301F-11D3-BF4B-00C04F79EFBC}") = "ACLS.SharedKernel", "backend\ACLS.SharedKernel\ACLS.SharedKernel.csproj", "{01D6614E-D90D-3384-4E9B-D2E64A979F07}"
EndProject
Project("{FAE04EC0-301F-11D3-BF4B-00C04F79EFBC}") = "ACLS.Persistence", "backend\ACLS.Persistence\ACLS.Persistence.csproj", "{283126F9-48DC-4779-9605-32E74B7C6BF3}"
EndProject
Project("{FAE04EC0-301F-11D3-BF4B-00C04F79EFBC}") = "ACLS.Contracts", "backend\ACLS.Contracts\ACLS.Contracts.csproj", "{7BAC2CD6-ACE1-49FD-BDA5-373225FFEE5D}"
EndProject
Project("{FAE04EC0-301F-11D3-BF4B-00C04F79EFBC}") = "ACLS.Infrastructure", "backend\ACLS.Infrastructure\ACLS.Infrastructure.csproj", "{57CA23AE-415D-401B-A3EE-C086B8B71DA1}"
EndProject
Project("{FAE04EC0-301F-11D3-BF4B-00C04F79EFBC}") = "Domain.Tests", "tests\unit\Domain.Tests\Domain.Tests.csproj", "{99F6E0B0-BB47-4AEA-8501-F913704C2E69}"
EndProject
Project("{FAE04EC0-301F-11D3-BF4B-00C04F79EFBC}") = "ACLS.Application", "backend\ACLS.Application\ACLS.Application.csproj", "{3B436152-B60F-4D3B-A0FD-E347F527CCDF}"
EndProject
Project("{2150E333-8FDC-42A3-9474-1A3956D46DE8}") = "tests", "tests", "{0AB3BF05-4346-4AA6-1389-037BE0695223}"
EndProject
Project("{2150E333-8FDC-42A3-9474-1A3956D46DE8}") = "unit", "unit", "{9D556B49-86D1-93A7-9596-FFAAB74EC556}"
EndProject
Project("{FAE04EC0-301F-11D3-BF4B-00C04F79EFBC}") = "Application.Tests", "tests\unit\Application.Tests\Application.Tests.csproj", "{0582AEBC-90D7-488C-9AD9-AC1F292DD951}"
EndProject
Project("{FAE04EC0-301F-11D3-BF4B-00C04F79EFBC}") = "ACLS.Api", "backend\ACLS.Api\ACLS.Api.csproj", "{AD83D900-314F-4995-BE24-7F7FBD3F20CC}"
EndProject
Global
	GlobalSection(SolutionConfigurationPlatforms) = preSolution
		Debug|Any CPU = Debug|Any CPU
		Debug|x64 = Debug|x64
		Debug|x86 = Debug|x86
		Release|Any CPU = Release|Any CPU
		Release|x64 = Release|x64
		Release|x86 = Release|x86
	EndGlobalSection
	GlobalSection(ProjectConfigurationPlatforms) = postSolution
		{D57692B9-D63D-0962-EA0F-9D5F2F94DF55}.Debug|Any CPU.ActiveCfg = Debug|Any CPU
		{D57692B9-D63D-0962-EA0F-9D5F2F94DF55}.Debug|Any CPU.Build.0 = Debug|Any CPU
		{D57692B9-D63D-0962-EA0F-9D5F2F94DF55}.Debug|x64.ActiveCfg = Debug|Any CPU
		{D57692B9-D63D-0962-EA0F-9D5F2F94DF55}.Debug|x64.Build.0 = Debug|Any CPU
		{D57692B9-D63D-0962-EA0F-9D5F2F94DF55}.Debug|x86.ActiveCfg = Debug|Any CPU
		{D57692B9-D63D-0962-EA0F-9D5F2F94DF55}.Debug|x86.Build.0 = Debug|Any CPU
		{D57692B9-D63D-0962-EA0F-9D5F2F94DF55}.Release|Any CPU.ActiveCfg = Release|Any CPU
		{D57692B9-D63D-0962-EA0F-9D5F2F94DF55}.Release|Any CPU.Build.0 = Release|Any CPU
		{D57692B9-D63D-0962-EA0F-9D5F2F94DF55}.Release|x64.ActiveCfg = Release|Any CPU
		{D57692B9-D63D-0962-EA0F-9D5F2F94DF55}.Release|x64.Build.0 = Release|Any CPU
		{D57692B9-D63D-0962-EA0F-9D5F2F94DF55}.Release|x86.ActiveCfg = Release|Any CPU
		{D57692B9-D63D-0962-EA0F-9D5F2F94DF55}.Release|x86.Build.0 = Release|Any CPU
		{01D6614E-D90D-3384-4E9B-D2E64A979F07}.Debug|Any CPU.ActiveCfg = Debug|Any CPU
		{01D6614E-D90D-3384-4E9B-D2E64A979F07}.Debug|Any CPU.Build.0 = Debug|Any CPU
		{01D6614E-D90D-3384-4E9B-D2E64A979F07}.Debug|x64.ActiveCfg = Debug|Any CPU
		{01D6614E-D90D-3384-4E9B-D2E64A979F07}.Debug|x64.Build.0 = Debug|Any CPU
		{01D6614E-D90D-3384-4E9B-D2E64A979F07}.Debug|x86.ActiveCfg = Debug|Any CPU
		{01D6614E-D90D-3384-4E9B-D2E64A979F07}.Debug|x86.Build.0 = Debug|Any CPU
		{01D6614E-D90D-3384-4E9B-D2E64A979F07}.Release|Any CPU.ActiveCfg = Release|Any CPU
		{01D6614E-D90D-3384-4E9B-D2E64A979F07}.Release|Any CPU.Build.0 = Release|Any CPU
		{01D6614E-D90D-3384-4E9B-D2E64A979F07}.Release|x64.ActiveCfg = Release|Any CPU
		{01D6614E-D90D-3384-4E9B-D2E64A979F07}.Release|x64.Build.0 = Release|Any CPU
		{01D6614E-D90D-3384-4E9B-D2E64A979F07}.Release|x86.ActiveCfg = Release|Any CPU
		{01D6614E-D90D-3384-4E9B-D2E64A979F07}.Release|x86.Build.0 = Release|Any CPU
		{283126F9-48DC-4779-9605-32E74B7C6BF3}.Debug|Any CPU.ActiveCfg = Debug|Any CPU
		{283126F9-48DC-4779-9605-32E74B7C6BF3}.Debug|Any CPU.Build.0 = Debug|Any CPU
		{283126F9-48DC-4779-9605-32E74B7C6BF3}.Debug|x64.ActiveCfg = Debug|Any CPU
		{283126F9-48DC-4779-9605-32E74B7C6BF3}.Debug|x64.Build.0 = Debug|Any CPU
		{283126F9-48DC-4779-9605-32E74B7C6BF3}.Debug|x86.ActiveCfg = Debug|Any CPU
		{283126F9-48DC-4779-9605-32E74B7C6BF3}.Debug|x86.Build.0 = Debug|Any CPU
		{283126F9-48DC-4779-9605-32E74B7C6BF3}.Release|Any CPU.ActiveCfg = Release|Any CPU
		{283126F9-48DC-4779-9605-32E74B7C6BF3}.Release|Any CPU.Build.0 = Release|Any CPU
		{283126F9-48DC-4779-9605-32E74B7C6BF3}.Release|x64.ActiveCfg = Release|Any CPU
		{283126F9-48DC-4779-9605-32E74B7C6BF3}.Release|x64.Build.0 = Release|Any CPU
		{283126F9-48DC-4779-9605-32E74B7C6BF3}.Release|x86.ActiveCfg = Release|Any CPU
		{283126F9-48DC-4779-9605-32E74B7C6BF3}.Release|x86.Build.0 = Release|Any CPU
		{7BAC2CD6-ACE1-49FD-BDA5-373225FFEE5D}.Debug|Any CPU.ActiveCfg = Debug|Any CPU
		{7BAC2CD6-ACE1-49FD-BDA5-373225FFEE5D}.Debug|Any CPU.Build.0 = Debug|Any CPU
		{7BAC2CD6-ACE1-49FD-BDA5-373225FFEE5D}.Debug|x64.ActiveCfg = Debug|Any CPU
		{7BAC2CD6-ACE1-49FD-BDA5-373225FFEE5D}.Debug|x64.Build.0 = Debug|Any CPU
		{7BAC2CD6-ACE1-49FD-BDA5-373225FFEE5D}.Debug|x86.ActiveCfg = Debug|Any CPU
		{7BAC2CD6-ACE1-49FD-BDA5-373225FFEE5D}.Debug|x86.Build.0 = Debug|Any CPU
		{7BAC2CD6-ACE1-49FD-BDA5-373225FFEE5D}.Release|Any CPU.ActiveCfg = Release|Any CPU
		{7BAC2CD6-ACE1-49FD-BDA5-373225FFEE5D}.Release|Any CPU.Build.0 = Release|Any CPU
		{7BAC2CD6-ACE1-49FD-BDA5-373225FFEE5D}.Release|x64.ActiveCfg = Release|Any CPU
		{7BAC2CD6-ACE1-49FD-BDA5-373225FFEE5D}.Release|x64.Build.0 = Release|Any CPU
		{7BAC2CD6-ACE1-49FD-BDA5-373225FFEE5D}.Release|x86.ActiveCfg = Release|Any CPU
		{7BAC2CD6-ACE1-49FD-BDA5-373225FFEE5D}.Release|x86.Build.0 = Release|Any CPU
		{57CA23AE-415D-401B-A3EE-C086B8B71DA1}.Debug|Any CPU.ActiveCfg = Debug|Any CPU
		{57CA23AE-415D-401B-A3EE-C086B8B71DA1}.Debug|Any CPU.Build.0 = Debug|Any CPU
		{57CA23AE-415D-401B-A3EE-C086B8B71DA1}.Debug|x64.ActiveCfg = Debug|Any CPU
		{57CA23AE-415D-401B-A3EE-C086B8B71DA1}.Debug|x64.Build.0 = Debug|Any CPU
		{57CA23AE-415D-401B-A3EE-C086B8B71DA1}.Debug|x86.ActiveCfg = Debug|Any CPU
		{57CA23AE-415D-401B-A3EE-C086B8B71DA1}.Debug|x86.Build.0 = Debug|Any CPU
		{57CA23AE-415D-401B-A3EE-C086B8B71DA1}.Release|Any CPU.ActiveCfg = Release|Any CPU
		{57CA23AE-415D-401B-A3EE-C086B8B71DA1}.Release|Any CPU.Build.0 = Release|Any CPU
		{57CA23AE-415D-401B-A3EE-C086B8B71DA1}.Release|x64.ActiveCfg = Release|Any CPU
		{57CA23AE-415D-401B-A3EE-C086B8B71DA1}.Release|x64.Build.0 = Release|Any CPU
		{57CA23AE-415D-401B-A3EE-C086B8B71DA1}.Release|x86.ActiveCfg = Release|Any CPU
		{57CA23AE-415D-401B-A3EE-C086B8B71DA1}.Release|x86.Build.0 = Release|Any CPU
		{99F6E0B0-BB47-4AEA-8501-F913704C2E69}.Debug|Any CPU.ActiveCfg = Debug|Any CPU
		{99F6E0B0-BB47-4AEA-8501-F913704C2E69}.Debug|Any CPU.Build.0 = Debug|Any CPU
		{99F6E0B0-BB47-4AEA-8501-F913704C2E69}.Debug|x64.ActiveCfg = Debug|Any CPU
		{99F6E0B0-BB47-4AEA-8501-F913704C2E69}.Debug|x64.Build.0 = Debug|Any CPU
		{99F6E0B0-BB47-4AEA-8501-F913704C2E69}.Debug|x86.ActiveCfg = Debug|Any CPU
		{99F6E0B0-BB47-4AEA-8501-F913704C2E69}.Debug|x86.Build.0 = Debug|Any CPU
		{99F6E0B0-BB47-4AEA-8501-F913704C2E69}.Release|Any CPU.ActiveCfg = Release|Any CPU
		{99F6E0B0-BB47-4AEA-8501-F913704C2E69}.Release|Any CPU.Build.0 = Release|Any CPU
		{99F6E0B0-BB47-4AEA-8501-F913704C2E69}.Release|x64.ActiveCfg = Release|Any CPU
		{99F6E0B0-BB47-4AEA-8501-F913704C2E69}.Release|x64.Build.0 = Release|Any CPU
		{99F6E0B0-BB47-4AEA-8501-F913704C2E69}.Release|x86.ActiveCfg = Release|Any CPU
		{99F6E0B0-BB47-4AEA-8501-F913704C2E69}.Release|x86.Build.0 = Release|Any CPU
		{3B436152-B60F-4D3B-A0FD-E347F527CCDF}.Debug|Any CPU.ActiveCfg = Debug|Any CPU
		{3B436152-B60F-4D3B-A0FD-E347F527CCDF}.Debug|Any CPU.Build.0 = Debug|Any CPU
		{3B436152-B60F-4D3B-A0FD-E347F527CCDF}.Debug|x64.ActiveCfg = Debug|Any CPU
		{3B436152-B60F-4D3B-A0FD-E347F527CCDF}.Debug|x64.Build.0 = Debug|Any CPU
		{3B436152-B60F-4D3B-A0FD-E347F527CCDF}.Debug|x86.ActiveCfg = Debug|Any CPU
		{3B436152-B60F-4D3B-A0FD-E347F527CCDF}.Debug|x86.Build.0 = Debug|Any CPU
		{3B436152-B60F-4D3B-A0FD-E347F527CCDF}.Release|Any CPU.ActiveCfg = Release|Any CPU
		{3B436152-B60F-4D3B-A0FD-E347F527CCDF}.Release|Any CPU.Build.0 = Release|Any CPU
		{3B436152-B60F-4D3B-A0FD-E347F527CCDF}.Release|x64.ActiveCfg = Release|Any CPU
		{3B436152-B60F-4D3B-A0FD-E347F527CCDF}.Release|x64.Build.0 = Release|Any CPU
		{3B436152-B60F-4D3B-A0FD-E347F527CCDF}.Release|x86.ActiveCfg = Release|Any CPU
		{3B436152-B60F-4D3B-A0FD-E347F527CCDF}.Release|x86.Build.0 = Release|Any CPU
		{0582AEBC-90D7-488C-9AD9-AC1F292DD951}.Debug|Any CPU.ActiveCfg = Debug|Any CPU
		{0582AEBC-90D7-488C-9AD9-AC1F292DD951}.Debug|Any CPU.Build.0 = Debug|Any CPU
		{0582AEBC-90D7-488C-9AD9-AC1F292DD951}.Debug|x64.ActiveCfg = Debug|Any CPU
		{0582AEBC-90D7-488C-9AD9-AC1F292DD951}.Debug|x64.Build.0 = Debug|Any CPU
		{0582AEBC-90D7-488C-9AD9-AC1F292DD951}.Debug|x86.ActiveCfg = Debug|Any CPU
		{0582AEBC-90D7-488C-9AD9-AC1F292DD951}.Debug|x86.Build.0 = Debug|Any CPU
		{0582AEBC-90D7-488C-9AD9-AC1F292DD951}.Release|Any CPU.ActiveCfg = Release|Any CPU
		{0582AEBC-90D7-488C-9AD9-AC1F292DD951}.Release|Any CPU.Build.0 = Release|Any CPU
		{0582AEBC-90D7-488C-9AD9-AC1F292DD951}.Release|x64.ActiveCfg = Release|Any CPU
		{0582AEBC-90D7-488C-9AD9-AC1F292DD951}.Release|x64.Build.0 = Release|Any CPU
		{0582AEBC-90D7-488C-9AD9-AC1F292DD951}.Release|x86.ActiveCfg = Release|Any CPU
		{0582AEBC-90D7-488C-9AD9-AC1F292DD951}.Release|x86.Build.0 = Release|Any CPU
		{AD83D900-314F-4995-BE24-7F7FBD3F20CC}.Debug|Any CPU.ActiveCfg = Debug|Any CPU
		{AD83D900-314F-4995-BE24-7F7FBD3F20CC}.Debug|Any CPU.Build.0 = Debug|Any CPU
		{AD83D900-314F-4995-BE24-7F7FBD3F20CC}.Debug|x64.ActiveCfg = Debug|Any CPU
		{AD83D900-314F-4995-BE24-7F7FBD3F20CC}.Debug|x64.Build.0 = Debug|Any CPU
		{AD83D900-314F-4995-BE24-7F7FBD3F20CC}.Debug|x86.ActiveCfg = Debug|Any CPU
		{AD83D900-314F-4995-BE24-7F7FBD3F20CC}.Debug|x86.Build.0 = Debug|Any CPU
		{AD83D900-314F-4995-BE24-7F7FBD3F20CC}.Release|Any CPU.ActiveCfg = Release|Any CPU
		{AD83D900-314F-4995-BE24-7F7FBD3F20CC}.Release|Any CPU.Build.0 = Release|Any CPU
		{AD83D900-314F-4995-BE24-7F7FBD3F20CC}.Release|x64.ActiveCfg = Release|Any CPU
		{AD83D900-314F-4995-BE24-7F7FBD3F20CC}.Release|x64.Build.0 = Release|Any CPU
		{AD83D900-314F-4995-BE24-7F7FBD3F20CC}.Release|x86.ActiveCfg = Release|Any CPU
		{AD83D900-314F-4995-BE24-7F7FBD3F20CC}.Release|x86.Build.0 = Release|Any CPU
	EndGlobalSection
	GlobalSection(SolutionProperties) = preSolution
		HideSolutionNode = FALSE
	EndGlobalSection
	GlobalSection(NestedProjects) = preSolution
		{D57692B9-D63D-0962-EA0F-9D5F2F94DF55} = {1AE8ACA6-933B-BF2A-3671-3E2EAC007D16}
		{01D6614E-D90D-3384-4E9B-D2E64A979F07} = {1AE8ACA6-933B-BF2A-3671-3E2EAC007D16}
		{283126F9-48DC-4779-9605-32E74B7C6BF3} = {1AE8ACA6-933B-BF2A-3671-3E2EAC007D16}
		{7BAC2CD6-ACE1-49FD-BDA5-373225FFEE5D} = {1AE8ACA6-933B-BF2A-3671-3E2EAC007D16}
		{57CA23AE-415D-401B-A3EE-C086B8B71DA1} = {1AE8ACA6-933B-BF2A-3671-3E2EAC007D16}
		{99F6E0B0-BB47-4AEA-8501-F913704C2E69} = {1AE8ACA6-933B-BF2A-3671-3E2EAC007D16}
		{3B436152-B60F-4D3B-A0FD-E347F527CCDF} = {1AE8ACA6-933B-BF2A-3671-3E2EAC007D16}
		{9D556B49-86D1-93A7-9596-FFAAB74EC556} = {0AB3BF05-4346-4AA6-1389-037BE0695223}
		{0582AEBC-90D7-488C-9AD9-AC1F292DD951} = {9D556B49-86D1-93A7-9596-FFAAB74EC556}
		{AD83D900-314F-4995-BE24-7F7FBD3F20CC} = {1AE8ACA6-933B-BF2A-3671-3E2EAC007D16}
	EndGlobalSection
	GlobalSection(ExtensibilityGlobals) = postSolution
		SolutionGuid = {D155910B-F9A1-40D0-9366-7D9ED226026E}
	EndGlobalSection
EndGlobal
