// !$*UTF8*$!
{
	archiveVersion = 1;
	classes = {
	};
	objectVersion = 56;
	objects = {

/* Begin PBXBuildFile section */
		AA000001 /* ACLSStaffApp.swift in Sources */ = {isa = PBXBuildFile; fileRef = AB000001 /* ACLSStaffApp.swift */; };
		AA000002 /* ContentView.swift in Sources */ = {isa = PBXBuildFile; fileRef = AB000002 /* ContentView.swift */; };
		AA000003 /* APIClient.swift in Sources */ = {isa = PBXBuildFile; fileRef = AB000003 /* APIClient.swift */; };
		AA000004 /* Enums.swift in Sources */ = {isa = PBXBuildFile; fileRef = AB000004 /* Enums.swift */; };
		AA000005 /* TokenStore.swift in Sources */ = {isa = PBXBuildFile; fileRef = AB000005 /* TokenStore.swift */; };
		AA000006 /* ErrorCodeMapper.swift in Sources */ = {isa = PBXBuildFile; fileRef = AB000006 /* ErrorCodeMapper.swift */; };
		AA000007 /* Localizable.strings in Resources */ = {isa = PBXBuildFile; fileRef = AB000007 /* Localizable.strings */; };
		AA000008 /* AuthDTOs.swift in Sources */ = {isa = PBXBuildFile; fileRef = AB000008 /* AuthDTOs.swift */; };
		AA000009 /* ComplaintDTOs.swift in Sources */ = {isa = PBXBuildFile; fileRef = AB000009 /* ComplaintDTOs.swift */; };
		AA000010 /* StaffDTOs.swift in Sources */ = {isa = PBXBuildFile; fileRef = AB000010 /* StaffDTOs.swift */; };
		AA000011 /* AuthRepository.swift in Sources */ = {isa = PBXBuildFile; fileRef = AB000011 /* AuthRepository.swift */; };
		AA000012 /* ComplaintRepository.swift in Sources */ = {isa = PBXBuildFile; fileRef = AB000012 /* ComplaintRepository.swift */; };
		AA000013 /* StaffRepository.swift in Sources */ = {isa = PBXBuildFile; fileRef = AB000013 /* StaffRepository.swift */; };
		AA000014 /* NavigationRouter.swift in Sources */ = {isa = PBXBuildFile; fileRef = AB000014 /* NavigationRouter.swift */; };
		AA000015 /* LoginViewModel.swift in Sources */ = {isa = PBXBuildFile; fileRef = AB000015 /* LoginViewModel.swift */; };
		AA000016 /* LoginView.swift in Sources */ = {isa = PBXBuildFile; fileRef = AB000016 /* LoginView.swift */; };
		AA000017 /* TaskListViewModel.swift in Sources */ = {isa = PBXBuildFile; fileRef = AB000017 /* TaskListViewModel.swift */; };
		AA000018 /* TaskListView.swift in Sources */ = {isa = PBXBuildFile; fileRef = AB000018 /* TaskListView.swift */; };
		AA000019 /* TaskDetailViewModel.swift in Sources */ = {isa = PBXBuildFile; fileRef = AB000019 /* TaskDetailViewModel.swift */; };
		AA000020 /* TaskDetailView.swift in Sources */ = {isa = PBXBuildFile; fileRef = AB000020 /* TaskDetailView.swift */; };
		AA000021 /* UpdateEtaViewModel.swift in Sources */ = {isa = PBXBuildFile; fileRef = AB000021 /* UpdateEtaViewModel.swift */; };
		AA000022 /* UpdateEtaView.swift in Sources */ = {isa = PBXBuildFile; fileRef = AB000022 /* UpdateEtaView.swift */; };
		AA000023 /* AddWorkNoteViewModel.swift in Sources */ = {isa = PBXBuildFile; fileRef = AB000023 /* AddWorkNoteViewModel.swift */; };
		AA000024 /* AddWorkNoteView.swift in Sources */ = {isa = PBXBuildFile; fileRef = AB000024 /* AddWorkNoteView.swift */; };
		AA000025 /* ResolveComplaintViewModel.swift in Sources */ = {isa = PBXBuildFile; fileRef = AB000025 /* ResolveComplaintViewModel.swift */; };
		AA000026 /* ResolveComplaintView.swift in Sources */ = {isa = PBXBuildFile; fileRef = AB000026 /* ResolveComplaintView.swift */; };
		AA000027 /* UpdateAvailabilityViewModel.swift in Sources */ = {isa = PBXBuildFile; fileRef = AB000027 /* UpdateAvailabilityViewModel.swift */; };
		AA000028 /* UpdateAvailabilityView.swift in Sources */ = {isa = PBXBuildFile; fileRef = AB000028 /* UpdateAvailabilityView.swift */; };
		AA000029 /* HomeView.swift in Sources */ = {isa = PBXBuildFile; fileRef = AB000029 /* HomeView.swift */; };
		AA000030 /* Assets.xcassets in Resources */ = {isa = PBXBuildFile; fileRef = AB000030 /* Assets.xcassets */; };
/* End PBXBuildFile section */

/* Begin PBXFileReference section */
		AB000001 /* ACLSStaffApp.swift */ = {isa = PBXFileReference; lastKnownFileType = sourcecode.swift; path = ACLSStaffApp.swift; sourceTree = "<group>"; };
		AB000002 /* ContentView.swift */ = {isa = PBXFileReference; lastKnownFileType = sourcecode.swift; path = ContentView.swift; sourceTree = "<group>"; };
		AB000003 /* APIClient.swift */ = {isa = PBXFileReference; lastKnownFileType = sourcecode.swift; path = APIClient.swift; sourceTree = "<group>"; };
		AB000004 /* Enums.swift */ = {isa = PBXFileReference; lastKnownFileType = sourcecode.swift; path = Enums.swift; sourceTree = "<group>"; };
		AB000005 /* TokenStore.swift */ = {isa = PBXFileReference; lastKnownFileType = sourcecode.swift; path = TokenStore.swift; sourceTree = "<group>"; };
		AB000006 /* ErrorCodeMapper.swift */ = {isa = PBXFileReference; lastKnownFileType = sourcecode.swift; path = ErrorCodeMapper.swift; sourceTree = "<group>"; };
		AB000007 /* Localizable.strings */ = {isa = PBXFileReference; lastKnownFileType = text.plist.strings; path = Localizable.strings; sourceTree = "<group>"; };
		AB000008 /* AuthDTOs.swift */ = {isa = PBXFileReference; lastKnownFileType = sourcecode.swift; path = AuthDTOs.swift; sourceTree = "<group>"; };
		AB000009 /* ComplaintDTOs.swift */ = {isa = PBXFileReference; lastKnownFileType = sourcecode.swift; path = ComplaintDTOs.swift; sourceTree = "<group>"; };
		AB000010 /* StaffDTOs.swift */ = {isa = PBXFileReference; lastKnownFileType = sourcecode.swift; path = StaffDTOs.swift; sourceTree = "<group>"; };
		AB000011 /* AuthRepository.swift */ = {isa = PBXFileReference; lastKnownFileType = sourcecode.swift; path = AuthRepository.swift; sourceTree = "<group>"; };
		AB000012 /* ComplaintRepository.swift */ = {isa = PBXFileReference; lastKnownFileType = sourcecode.swift; path = ComplaintRepository.swift; sourceTree = "<group>"; };
		AB000013 /* StaffRepository.swift */ = {isa = PBXFileReference; lastKnownFileType = sourcecode.swift; path = StaffRepository.swift; sourceTree = "<group>"; };
		AB000014 /* NavigationRouter.swift */ = {isa = PBXFileReference; lastKnownFileType = sourcecode.swift; path = NavigationRouter.swift; sourceTree = "<group>"; };
		AB000015 /* LoginViewModel.swift */ = {isa = PBXFileReference; lastKnownFileType = sourcecode.swift; path = LoginViewModel.swift; sourceTree = "<group>"; };
		AB000016 /* LoginView.swift */ = {isa = PBXFileReference; lastKnownFileType = sourcecode.swift; path = LoginView.swift; sourceTree = "<group>"; };
		AB000017 /* TaskListViewModel.swift */ = {isa = PBXFileReference; lastKnownFileType = sourcecode.swift; path = TaskListViewModel.swift; sourceTree = "<group>"; };
		AB000018 /* TaskListView.swift */ = {isa = PBXFileReference; lastKnownFileType = sourcecode.swift; path = TaskListView.swift; sourceTree = "<group>"; };
		AB000019 /* TaskDetailViewModel.swift */ = {isa = PBXFileReference; lastKnownFileType = sourcecode.swift; path = TaskDetailViewModel.swift; sourceTree = "<group>"; };
		AB000020 /* TaskDetailView.swift */ = {isa = PBXFileReference; lastKnownFileType = sourcecode.swift; path = TaskDetailView.swift; sourceTree = "<group>"; };
		AB000021 /* UpdateEtaViewModel.swift */ = {isa = PBXFileReference; lastKnownFileType = sourcecode.swift; path = UpdateEtaViewModel.swift; sourceTree = "<group>"; };
		AB000022 /* UpdateEtaView.swift */ = {isa = PBXFileReference; lastKnownFileType = sourcecode.swift; path = UpdateEtaView.swift; sourceTree = "<group>"; };
		AB000023 /* AddWorkNoteViewModel.swift */ = {isa = PBXFileReference; lastKnownFileType = sourcecode.swift; path = AddWorkNoteViewModel.swift; sourceTree = "<group>"; };
		AB000024 /* AddWorkNoteView.swift */ = {isa = PBXFileReference; lastKnownFileType = sourcecode.swift; path = AddWorkNoteView.swift; sourceTree = "<group>"; };
		AB000025 /* ResolveComplaintViewModel.swift */ = {isa = PBXFileReference; lastKnownFileType = sourcecode.swift; path = ResolveComplaintViewModel.swift; sourceTree = "<group>"; };
		AB000026 /* ResolveComplaintView.swift */ = {isa = PBXFileReference; lastKnownFileType = sourcecode.swift; path = ResolveComplaintView.swift; sourceTree = "<group>"; };
		AB000027 /* UpdateAvailabilityViewModel.swift */ = {isa = PBXFileReference; lastKnownFileType = sourcecode.swift; path = UpdateAvailabilityViewModel.swift; sourceTree = "<group>"; };
		AB000028 /* UpdateAvailabilityView.swift */ = {isa = PBXFileReference; lastKnownFileType = sourcecode.swift; path = UpdateAvailabilityView.swift; sourceTree = "<group>"; };
		AB000029 /* HomeView.swift */ = {isa = PBXFileReference; lastKnownFileType = sourcecode.swift; path = HomeView.swift; sourceTree = "<group>"; };
		AB000030 /* Assets.xcassets */ = {isa = PBXFileReference; lastKnownFileType = folder.assetcatalog; path = Assets.xcassets; sourceTree = "<group>"; };
		AB000031 /* Info.plist */ = {isa = PBXFileReference; lastKnownFileType = text.plist.xml; path = Info.plist; sourceTree = "<group>"; };
		AB000099 /* StaffApp.iOS.app */ = {isa = PBXFileReference; explicitFileType = wrapper.application; includeInIndex = 0; path = "StaffApp.iOS.app"; sourceTree = BUILT_PRODUCTS_DIR; };
/* End PBXFileReference section */

/* Begin PBXFrameworksBuildPhase section */
		AC000001 /* Frameworks */ = {
			isa = PBXFrameworksBuildPhase;
			buildActionMask = 2147483647;
			files = (
			);
			runOnlyForDeploymentPostprocessing = 0;
		};
/* End PBXFrameworksBuildPhase section */

/* Begin PBXGroup section */
		AD000001 /* StaffApp.iOS */ = {
			isa = PBXGroup;
			children = (
				AD000002 /* Sources */,
				AD000099 /* Products */,
			);
			sourceTree = "<group>";
		};
		AD000002 /* Sources */ = {
			isa = PBXGroup;
			children = (
				AB000001 /* ACLSStaffApp.swift */,
				AB000002 /* ContentView.swift */,
				AB000029 /* HomeView.swift */,
				AB000031 /* Info.plist */,
				AB000030 /* Assets.xcassets */,
				AB000007 /* Localizable.strings */,
				AD000003 /* Network */,
				AD000004 /* DTOs */,
				AD000005 /* Repositories */,
				AD000006 /* Navigation */,
				AD000007 /* Auth */,
				AD000008 /* Tasks */,
			);
			path = Sources;
			sourceTree = "<group>";
		};
		AD000003 /* Network */ = {
			isa = PBXGroup;
			children = (
				AB000003 /* APIClient.swift */,
				AB000004 /* Enums.swift */,
				AB000005 /* TokenStore.swift */,
				AB000006 /* ErrorCodeMapper.swift */,
			);
			path = Network;
			sourceTree = "<group>";
		};
		AD000004 /* DTOs */ = {
			isa = PBXGroup;
			children = (
				AB000008 /* AuthDTOs.swift */,
				AB000009 /* ComplaintDTOs.swift */,
				AB000010 /* StaffDTOs.swift */,
			);
			path = DTOs;
			sourceTree = "<group>";
		};
		AD000005 /* Repositories */ = {
			isa = PBXGroup;
			children = (
				AB000011 /* AuthRepository.swift */,
				AB000012 /* ComplaintRepository.swift */,
				AB000013 /* StaffRepository.swift */,
			);
			path = Repositories;
			sourceTree = "<group>";
		};
		AD000006 /* Navigation */ = {
			isa = PBXGroup;
			children = (
				AB000014 /* NavigationRouter.swift */,
			);
			path = Navigation;
			sourceTree = "<group>";
		};
		AD000007 /* Auth */ = {
			isa = PBXGroup;
			children = (
				AB000015 /* LoginViewModel.swift */,
				AB000016 /* LoginView.swift */,
			);
			path = Auth;
			sourceTree = "<group>";
		};
		AD000008 /* Tasks */ = {
			isa = PBXGroup;
			children = (
				AB000017 /* TaskListViewModel.swift */,
				AB000018 /* TaskListView.swift */,
				AB000019 /* TaskDetailViewModel.swift */,
				AB000020 /* TaskDetailView.swift */,
				AB000021 /* UpdateEtaViewModel.swift */,
				AB000022 /* UpdateEtaView.swift */,
				AB000023 /* AddWorkNoteViewModel.swift */,
				AB000024 /* AddWorkNoteView.swift */,
				AB000025 /* ResolveComplaintViewModel.swift */,
				AB000026 /* ResolveComplaintView.swift */,
				AB000027 /* UpdateAvailabilityViewModel.swift */,
				AB000028 /* UpdateAvailabilityView.swift */,
			);
			path = Tasks;
			sourceTree = "<group>";
		};
		AD000099 /* Products */ = {
			isa = PBXGroup;
			children = (
				AB000099 /* StaffApp.iOS.app */,
			);
			name = Products;
			sourceTree = "<group>";
		};
/* End PBXGroup section */

/* Begin PBXNativeTarget section */
		AE000001 /* StaffApp.iOS */ = {
			isa = PBXNativeTarget;
			buildConfigurationList = AF000001 /* Build configuration list for PBXNativeTarget "StaffApp.iOS" */;
			buildPhases = (
				AC000001 /* Frameworks */,
				AE000002 /* Sources */,
				AE000003 /* Resources */,
			);
			buildRules = (
			);
			dependencies = (
			);
			name = "StaffApp.iOS";
			productName = "StaffApp.iOS";
			productReference = AB000099 /* StaffApp.iOS.app */;
			productType = "com.apple.product-type.application";
		};
/* End PBXNativeTarget section */

/* Begin PBXSourcesBuildPhase section */
		AE000002 /* Sources */ = {
			isa = PBXSourcesBuildPhase;
			buildActionMask = 2147483647;
			files = (
				AA000001 /* ACLSStaffApp.swift in Sources */,
				AA000002 /* ContentView.swift in Sources */,
				AA000003 /* APIClient.swift in Sources */,
				AA000004 /* Enums.swift in Sources */,
				AA000005 /* TokenStore.swift in Sources */,
				AA000006 /* ErrorCodeMapper.swift in Sources */,
				AA000008 /* AuthDTOs.swift in Sources */,
				AA000009 /* ComplaintDTOs.swift in Sources */,
				AA000010 /* StaffDTOs.swift in Sources */,
				AA000011 /* AuthRepository.swift in Sources */,
				AA000012 /* ComplaintRepository.swift in Sources */,
				AA000013 /* StaffRepository.swift in Sources */,
				AA000014 /* NavigationRouter.swift in Sources */,
				AA000015 /* LoginViewModel.swift in Sources */,
				AA000016 /* LoginView.swift in Sources */,
				AA000017 /* TaskListViewModel.swift in Sources */,
				AA000018 /* TaskListView.swift in Sources */,
				AA000019 /* TaskDetailViewModel.swift in Sources */,
				AA000020 /* TaskDetailView.swift in Sources */,
				AA000021 /* UpdateEtaViewModel.swift in Sources */,
				AA000022 /* UpdateEtaView.swift in Sources */,
				AA000023 /* AddWorkNoteViewModel.swift in Sources */,
				AA000024 /* AddWorkNoteView.swift in Sources */,
				AA000025 /* ResolveComplaintViewModel.swift in Sources */,
				AA000026 /* ResolveComplaintView.swift in Sources */,
				AA000027 /* UpdateAvailabilityViewModel.swift in Sources */,
				AA000028 /* UpdateAvailabilityView.swift in Sources */,
				AA000029 /* HomeView.swift in Sources */,
			);
			runOnlyForDeploymentPostprocessing = 0;
		};
/* End PBXSourcesBuildPhase section */

/* Begin PBXResourcesBuildPhase section */
		AE000003 /* Resources */ = {
			isa = PBXResourcesBuildPhase;
			buildActionMask = 2147483647;
			files = (
				AA000007 /* Localizable.strings in Resources */,
				AA000030 /* Assets.xcassets in Resources */,
			);
			runOnlyForDeploymentPostprocessing = 0;
		};
/* End PBXResourcesBuildPhase section */

/* Begin PBXProject section */
		AE000099 /* Project object */ = {
			isa = PBXProject;
			attributes = {
				BuildIndependentTargetsInParallel = 1;
				LastSwiftUpdateCheck = 1500;
				LastUpgradeCheck = 1500;
				TargetAttributes = {
					AE000001 = {
						CreatedOnToolsVersion = 15.0;
					};
				};
			};
			buildConfigurationList = AF000099 /* Build configuration list for PBXProject "StaffApp.iOS" */;
			compatibilityVersion = "Xcode 14.0";
			developmentRegion = en;
			hasScannedForEncodings = 0;
			knownRegions = (
				en,
				Base,
			);
			mainGroup = AD000001 /* StaffApp.iOS */;
			productRefGroup = AD000099 /* Products */;
			projectDirPath = "";
			projectRoot = "";
			targets = (
				AE000001 /* StaffApp.iOS */,
			);
		};
/* End PBXProject section */

/* Begin XCBuildConfiguration section */
		AF000001 /* Debug */ = {
			isa = XCBuildConfiguration;
			buildSettings = {
				ASSETCATALOG_COMPILER_APPICON_NAME = AppIcon;
				CODE_SIGN_STYLE = Automatic;
				CURRENT_PROJECT_VERSION = 1;
				DEVELOPMENT_ASSET_PATHS = "";
				ENABLE_PREVIEWS = YES;
				GENERATE_INFOPLIST_FILE = NO;
				INFOPLIST_FILE = Sources/Info.plist;
				INFOPLIST_KEY_UIApplicationSceneManifest_Generation = NO;
				INFOPLIST_KEY_UILaunchScreen_Generation = YES;
				IPHONEOS_DEPLOYMENT_TARGET = 16.0;
				LD_RUNPATH_SEARCH_PATHS = "@executable_path/Frameworks";
				MARKETING_VERSION = 1.0;
				PRODUCT_BUNDLE_IDENTIFIER = "com.acls.staff";
				PRODUCT_NAME = "$(TARGET_NAME)";
				SWIFT_EMIT_LOC_STRINGS = YES;
				SWIFT_VERSION = 5.0;
				TARGETED_DEVICE_FAMILY = 1;
			};
			name = Debug;
		};
		AF000002 /* Release */ = {
			isa = XCBuildConfiguration;
			buildSettings = {
				ASSETCATALOG_COMPILER_APPICON_NAME = AppIcon;
				CODE_SIGN_STYLE = Automatic;
				CURRENT_PROJECT_VERSION = 1;
				DEVELOPMENT_ASSET_PATHS = "";
				ENABLE_PREVIEWS = YES;
				GENERATE_INFOPLIST_FILE = NO;
				INFOPLIST_FILE = Sources/Info.plist;
				INFOPLIST_KEY_UIApplicationSceneManifest_Generation = NO;
				INFOPLIST_KEY_UILaunchScreen_Generation = YES;
				IPHONEOS_DEPLOYMENT_TARGET = 16.0;
				LD_RUNPATH_SEARCH_PATHS = "@executable_path/Frameworks";
				MARKETING_VERSION = 1.0;
				PRODUCT_BUNDLE_IDENTIFIER = "com.acls.staff";
				PRODUCT_NAME = "$(TARGET_NAME)";
				SWIFT_EMIT_LOC_STRINGS = YES;
				SWIFT_VERSION = 5.0;
				TARGETED_DEVICE_FAMILY = 1;
			};
			name = Release;
		};
		AF000003 /* Debug */ = {
			isa = XCBuildConfiguration;
			buildSettings = {
				ALWAYS_SEARCH_USER_PATHS = NO;
				CLANG_ANALYZER_NONNULL = YES;
				CLANG_ANALYZER_NUMBER_OBJECT_CONVERSION = YES_AGGRESSIVE;
				CLANG_CXX_LANGUAGE_STANDARD = "gnu++20";
				CLANG_ENABLE_MODULES = YES;
				CLANG_ENABLE_OBJC_ARC = YES;
				CLANG_ENABLE_OBJC_WEAK = YES;
				CLANG_WARN_BLOCK_CAPTURE_AUTORELEASING = YES;
				CLANG_WARN_BOOL_CONVERSION = YES;
				CLANG_WARN_COMMA = YES;
				CLANG_WARN_CONSTANT_CONVERSION = YES;
				CLANG_WARN_DEPRECATED_OBJC_IMPLEMENTATIONS = YES;
				CLANG_WARN_DIRECT_OBJC_ISA_USAGE = YES_ERROR;
				CLANG_WARN_DOCUMENTATION_COMMENTS = YES;
				CLANG_WARN_EMPTY_BODY = YES;
				CLANG_WARN_ENUM_CONVERSION = YES;
				CLANG_WARN_INFINITE_LOOPS = YES;
				CLANG_WARN_INT_CONVERSION = YES;
				CLANG_WARN_NON_LITERAL_NULL_CONVERSION = YES;
				CLANG_WARN_OBJC_IMPLICIT_RETAIN_SELF = YES;
				CLANG_WARN_OBJC_LITERAL_CONVERSION = YES;
				CLANG_WARN_OBJC_ROOT_CLASS = YES_ERROR;
				CLANG_WARN_QUOTED_INCLUDE_IN_FRAMEWORK_HEADER = YES;
				CLANG_WARN_RANGE_LOOP_ANALYSIS = YES;
				CLANG_WARN_STRICT_PROTOTYPES = YES;
				CLANG_WARN_SUSPICIOUS_MOVE = YES;
				CLANG_WARN_UNGUARDED_AVAILABILITY = YES_AGGRESSIVE;
				CLANG_WARN_UNREACHABLE_CODE = YES;
				CLANG_WARN__DUPLICATE_METHOD_MATCH = YES;
				COPY_PHASE_STRIP = NO;
				DEBUG_INFORMATION_FORMAT = dwarf;
				ENABLE_STRICT_OBJC_MSGSEND = YES;
				ENABLE_TESTABILITY = YES;
				GCC_C_LANGUAGE_STANDARD = gnu11;
				GCC_DYNAMIC_NO_PIC = NO;
				GCC_NO_COMMON_BLOCKS = YES;
				GCC_OPTIMIZATION_LEVEL = 0;
				GCC_PREPROCESSOR_DEFINITIONS = "DEBUG=1 $(inherited)";
				GCC_WARN_64_TO_32_BIT_CONVERSION = YES;
				GCC_WARN_ABOUT_RETURN_TYPE = YES_ERROR;
				GCC_WARN_UNDECLARED_SELECTOR = YES;
				GCC_WARN_UNINITIALIZED_AUTOS = YES_AGGRESSIVE;
				GCC_WARN_UNUSED_FUNCTION = YES;
				GCC_WARN_UNUSED_VARIABLE = YES;
				IPHONEOS_DEPLOYMENT_TARGET = 16.0;
				MTL_ENABLE_DEBUG_INFO = INCLUDE_SOURCE;
				MTL_FAST_MATH = YES;
				ONLY_ACTIVE_ARCH = YES;
				SDKROOT = iphoneos;
				SWIFT_ACTIVE_COMPILATION_CONDITIONS = DEBUG;
				SWIFT_OPTIMIZATION_LEVEL = "-Onone";
			};
			name = Debug;
		};
		AF000004 /* Release */ = {
			isa = XCBuildConfiguration;
			buildSettings = {
				ALWAYS_SEARCH_USER_PATHS = NO;
				CLANG_ANALYZER_NONNULL = YES;
				CLANG_ANALYZER_NUMBER_OBJECT_CONVERSION = YES_AGGRESSIVE;
				CLANG_CXX_LANGUAGE_STANDARD = "gnu++20";
				CLANG_ENABLE_MODULES = YES;
				CLANG_ENABLE_OBJC_ARC = YES;
				CLANG_ENABLE_OBJC_WEAK = YES;
				CLANG_WARN_BLOCK_CAPTURE_AUTORELEASING = YES;
				CLANG_WARN_BOOL_CONVERSION = YES;
				CLANG_WARN_COMMA = YES;
				CLANG_WARN_CONSTANT_CONVERSION = YES;
				CLANG_WARN_DEPRECATED_OBJC_IMPLEMENTATIONS = YES;
				CLANG_WARN_DIRECT_OBJC_ISA_USAGE = YES_ERROR;
				CLANG_WARN_DOCUMENTATION_COMMENTS = YES;
				CLANG_WARN_EMPTY_BODY = YES;
				CLANG_WARN_ENUM_CONVERSION = YES;
				CLANG_WARN_INFINITE_LOOPS = YES;
				CLANG_WARN_INT_CONVERSION = YES;
				CLANG_WARN_NON_LITERAL_NULL_CONVERSION = YES;
				CLANG_WARN_OBJC_IMPLICIT_RETAIN_SELF = YES;
				CLANG_WARN_OBJC_LITERAL_CONVERSION = YES;
				CLANG_WARN_OBJC_ROOT_CLASS = YES_ERROR;
				CLANG_WARN_QUOTED_INCLUDE_IN_FRAMEWORK_HEADER = YES;
				CLANG_WARN_RANGE_LOOP_ANALYSIS = YES;
				CLANG_WARN_STRICT_PROTOTYPES = YES;
				CLANG_WARN_SUSPICIOUS_MOVE = YES;
				CLANG_WARN_UNGUARDED_AVAILABILITY = YES_AGGRESSIVE;
				CLANG_WARN_UNREACHABLE_CODE = YES;
				CLANG_WARN__DUPLICATE_METHOD_MATCH = YES;
				COPY_PHASE_STRIP = NO;
				DEBUG_INFORMATION_FORMAT = "dwarf-with-dsym";
				ENABLE_NS_ASSERTIONS = NO;
				ENABLE_STRICT_OBJC_MSGSEND = YES;
				GCC_C_LANGUAGE_STANDARD = gnu11;
				GCC_NO_COMMON_BLOCKS = YES;
				GCC_WARN_64_TO_32_BIT_CONVERSION = YES;
				GCC_WARN_ABOUT_RETURN_TYPE = YES_ERROR;
				GCC_WARN_UNDECLARED_SELECTOR = YES;
				GCC_WARN_UNINITIALIZED_AUTOS = YES_AGGRESSIVE;
				GCC_WARN_UNUSED_FUNCTION = YES;
				GCC_WARN_UNUSED_VARIABLE = YES;
				IPHONEOS_DEPLOYMENT_TARGET = 16.0;
				MTL_ENABLE_DEBUG_INFO = NO;
				MTL_FAST_MATH = YES;
				SDKROOT = iphoneos;
				SWIFT_COMPILATION_MODE = wholemodule;
				SWIFT_OPTIMIZATION_LEVEL = "-O";
				VALIDATE_PRODUCT = YES;
			};
			name = Release;
		};
/* End XCBuildConfiguration section */

/* Begin XCConfigurationList section */
		AF000001 /* Build configuration list for PBXNativeTarget "StaffApp.iOS" */ = {
			isa = XCConfigurationList;
			buildConfigurations = (
				AF000001 /* Debug */,
				AF000002 /* Release */,
			);
			defaultConfigurationIsVisible = 0;
			defaultConfigurationName = Release;
		};
		AF000099 /* Build configuration list for PBXProject "StaffApp.iOS" */ = {
			isa = XCConfigurationList;
			buildConfigurations = (
				AF000003 /* Debug */,
				AF000004 /* Release */,
			);
			defaultConfigurationIsVisible = 0;
			defaultConfigurationName = Release;
		};
/* End XCConfigurationList section */

	};
	rootObject = AE000099 /* Project object */;
}
